
Microsoft Visual Studio Solution File, Format Version 12.00
# Visual Studio 14
VisualStudioVersion = 14.0.23107.0
MinimumVisualStudioVersion = 10.0.40219.1
Project("{FAE04EC0-301F-11D3-BF4B-00C04F79EFBC}") = "Ant.Log4Net", "Ant.Log4Net\Ant.Log4Net.csproj", "{D4F18225-F32B-4E1A-BE9A-2B0E875C8ACD}"
EndProject
Project("{FAE04EC0-301F-11D3-BF4B-00C04F79EFBC}") = "Ant.Memcache", "Ant.Memcache\Ant.Memcache.csproj", "{93D785D5-2C2D-4A4B-A987-E337A9A6AF7E}"
EndProject
Project("{FAE04EC0-301F-11D3-BF4B-00C04F79EFBC}") = "Ant.UnitTest", "Ant.UnitTest\Ant.UnitTest.csproj", "{B94E4764-F26A-4963-B0FD-5D94443BC88A}"
EndProject
Project("{FAE04EC0-301F-11D3-BF4B-00C04F79EFBC}") = "Ant.Core", "Ant.Core\Ant.Core.csproj", "{2BE22640-687D-4F0A-B3B7-E4660958D41F}"
EndProject
Project("{FAE04EC0-301F-11D3-BF4B-00C04F79EFBC}") = "Ant.XmlDatabase", "Ant.XmlDatabase\Ant.XmlDatabase.csproj", "{5E811945-968E-4350-A669-43A9304C5CB0}"
EndProject
Project("{FAE04EC0-301F-11D3-BF4B-00C04F79EFBC}") = "XmlDatabase.Core", "ReflectorSourceCode\XmlDatabase.Core.csproj", "{C5A47289-AE48-4F1E-B35C-AEFE747D001F}"
EndProject
Global
	GlobalSection(SolutionConfigurationPlatforms) = preSolution
		Debug|Any CPU = Debug|Any CPU
		Debug|x86 = Debug|x86
		Release|Any CPU = Release|Any CPU
		Release|x86 = Release|x86
	EndGlobalSection
	GlobalSection(ProjectConfigurationPlatforms) = postSolution
		{D4F18225-F32B-4E1A-BE9A-2B0E875C8ACD}.Debug|Any CPU.ActiveCfg = Debug|Any CPU
		{D4F18225-F32B-4E1A-BE9A-2B0E875C8ACD}.Debug|Any CPU.Build.0 = Debug|Any CPU
		{D4F18225-F32B-4E1A-BE9A-2B0E875C8ACD}.Debug|x86.ActiveCfg = Debug|Any CPU
		{D4F18225-F32B-4E1A-BE9A-2B0E875C8ACD}.Debug|x86.Build.0 = Debug|Any CPU
		{D4F18225-F32B-4E1A-BE9A-2B0E875C8ACD}.Release|Any CPU.ActiveCfg = Release|Any CPU
		{D4F18225-F32B-4E1A-BE9A-2B0E875C8ACD}.Release|Any CPU.Build.0 = Release|Any CPU
		{D4F18225-F32B-4E1A-BE9A-2B0E875C8ACD}.Release|x86.ActiveCfg = Release|Any CPU
		{D4F18225-F32B-4E1A-BE9A-2B0E875C8ACD}.Release|x86.Build.0 = Release|Any CPU
		{93D785D5-2C2D-4A4B-A987-E337A9A6AF7E}.Debug|Any CPU.ActiveCfg = Debug|Any CPU
		{93D785D5-2C2D-4A4B-A987-E337A9A6AF7E}.Debug|Any CPU.Build.0 = Debug|Any CPU
		{93D785D5-2C2D-4A4B-A987-E337A9A6AF7E}.Debug|x86.ActiveCfg = Debug|Any CPU
		{93D785D5-2C2D-4A4B-A987-E337A9A6AF7E}.Debug|x86.Build.0 = Debug|Any CPU
		{93D785D5-2C2D-4A4B-A987-E337A9A6AF7E}.Release|Any CPU.ActiveCfg = Release|Any CPU
		{93D785D5-2C2D-4A4B-A987-E337A9A6AF7E}.Release|Any CPU.Build.0 = Release|Any CPU
		{93D785D5-2C2D-4A4B-A987-E337A9A6AF7E}.Release|x86.ActiveCfg = Release|Any CPU
		{93D785D5-2C2D-4A4B-A987-E337A9A6AF7E}.Release|x86.Build.0 = Release|Any CPU
		{B94E4764-F26A-4963-B0FD-5D94443BC88A}.Debug|Any CPU.ActiveCfg = Debug|Any CPU
		{B94E4764-F26A-4963-B0FD-5D94443BC88A}.Debug|Any CPU.Build.0 = Debug|Any CPU
		{B94E4764-F26A-4963-B0FD-5D94443BC88A}.Debug|x86.ActiveCfg = Debug|Any CPU
		{B94E4764-F26A-4963-B0FD-5D94443BC88A}.Debug|x86.Build.0 = Debug|Any CPU
		{B94E4764-F26A-4963-B0FD-5D94443BC88A}.Release|Any CPU.ActiveCfg = Release|Any CPU
		{B94E4764-F26A-4963-B0FD-5D94443BC88A}.Release|Any CPU.Build.0 = Release|Any CPU
		{B94E4764-F26A-4963-B0FD-5D94443BC88A}.Release|x86.ActiveCfg = Release|Any CPU
		{B94E4764-F26A-4963-B0FD-5D94443BC88A}.Release|x86.Build.0 = Release|Any CPU
		{2BE22640-687D-4F0A-B3B7-E4660958D41F}.Debug|Any CPU.ActiveCfg = Debug|Any CPU
		{2BE22640-687D-4F0A-B3B7-E4660958D41F}.Debug|Any CPU.Build.0 = Debug|Any CPU
		{2BE22640-687D-4F0A-B3B7-E4660958D41F}.Debug|x86.ActiveCfg = Debug|Any CPU
		{2BE22640-687D-4F0A-B3B7-E4660958D41F}.Debug|x86.Build.0 = Debug|Any CPU
		{2BE22640-687D-4F0A-B3B7-E4660958D41F}.Release|Any CPU.ActiveCfg = Release|Any CPU
		{2BE22640-687D-4F0A-B3B7-E4660958D41F}.Release|Any CPU.Build.0 = Release|Any CPU
		{2BE22640-687D-4F0A-B3B7-E4660958D41F}.Release|x86.ActiveCfg = Release|Any CPU
		{2BE22640-687D-4F0A-B3B7-E4660958D41F}.Release|x86.Build.0 = Release|Any CPU
		{5E811945-968E-4350-A669-43A9304C5CB0}.Debug|Any CPU.ActiveCfg = Debug|Any CPU
		{5E811945-968E-4350-A669-43A9304C5CB0}.Debug|Any CPU.Build.0 = Debug|Any CPU
		{5E811945-968E-4350-A669-43A9304C5CB0}.Debug|x86.ActiveCfg = Debug|Any CPU
		{5E811945-968E-4350-A669-43A9304C5CB0}.Debug|x86.Build.0 = Debug|Any CPU
		{5E811945-968E-4350-A669-43A9304C5CB0}.Release|Any CPU.ActiveCfg = Release|Any CPU
		{5E811945-968E-4350-A669-43A9304C5CB0}.Release|Any CPU.Build.0 = Release|Any CPU
		{5E811945-968E-4350-A669-43A9304C5CB0}.Release|x86.ActiveCfg = Release|Any CPU
		{5E811945-968E-4350-A669-43A9304C5CB0}.Release|x86.Build.0 = Release|Any CPU
		{C5A47289-AE48-4F1E-B35C-AEFE747D001F}.Debug|Any CPU.ActiveCfg = Debug|x86
		{C5A47289-AE48-4F1E-B35C-AEFE747D001F}.Debug|x86.ActiveCfg = Debug|x86
		{C5A47289-AE48-4F1E-B35C-AEFE747D001F}.Debug|x86.Build.0 = Debug|x86
		{C5A47289-AE48-4F1E-B35C-AEFE747D001F}.Release|Any CPU.ActiveCfg = Release|x86
		{C5A47289-AE48-4F1E-B35C-AEFE747D001F}.Release|x86.ActiveCfg = Release|x86
		{C5A47289-AE48-4F1E-B35C-AEFE747D001F}.Release|x86.Build.0 = Release|x86
	EndGlobalSection
	GlobalSection(SolutionProperties) = preSolution
		HideSolutionNode = FALSE
	EndGlobalSection
EndGlobal
