
Microsoft Visual Studio Solution File, Format Version 12.00
# Visual Studio 14
VisualStudioVersion = 14.0.24720.0
MinimumVisualStudioVersion = 10.0.40219.1
Project("{FAE04EC0-301F-11D3-BF4B-00C04F79EFBC}") = "Ant.UnitTest", "Ant.UnitTest\Ant.UnitTest.csproj", "{B94E4764-F26A-4963-B0FD-5D94443BC88A}"
EndProject
Project("{2150E333-8FDC-42A3-9474-1A3956D46DE8}") = "Library", "Library", "{A28F5189-4C2D-406B-B644-501AE21B1011}"
EndProject
Project("{2150E333-8FDC-42A3-9474-1A3956D46DE8}") = "App", "App", "{21951174-C851-485D-933D-E5D3F9BA93AE}"
EndProject
Project("{2150E333-8FDC-42A3-9474-1A3956D46DE8}") = "Sudoku", "Sudoku", "{4EB30AB4-5182-4393-8AE7-822C70AEFD1B}"
EndProject
Project("{2150E333-8FDC-42A3-9474-1A3956D46DE8}") = "Gobang", "Gobang", "{181C07D8-FA95-40BB-8C5F-96EBF2A412FC}"
EndProject
Project("{2150E333-8FDC-42A3-9474-1A3956D46DE8}") = "Web", "Web", "{58B2E9D3-4979-45A7-AB1D-3813E4B35658}"
EndProject
Project("{FAE04EC0-301F-11D3-BF4B-00C04F79EFBC}") = "SudokuHelper.Library", "App\Sudoku\SudokuHelper.Library\SudokuHelper.Library.csproj", "{3E79476E-A213-4CA5-ABDB-B5AFCC8D3CCB}"
EndProject
Project("{FAE04EC0-301F-11D3-BF4B-00C04F79EFBC}") = "Sudoku.WPF", "App\Sudoku\Sudoku.WPF\Sudoku.WPF.csproj", "{3BE41318-029A-4797-AD31-FE308093F3CB}"
EndProject
Project("{FAE04EC0-301F-11D3-BF4B-00C04F79EFBC}") = "Sudoku.Windows", "App\Sudoku\Sudoku.Windows\Sudoku.Windows.csproj", "{F0DCC401-4AF8-4B3E-809E-EE3AD96788DC}"
EndProject
Project("{FAE04EC0-301F-11D3-BF4B-00C04F79EFBC}") = "Gobang.WPF", "App\Gobang\Gobang.WPF\Gobang.WPF.csproj", "{276AEC9B-57AB-464A-9BFA-E5B5BB739B3C}"
EndProject
Project("{FAE04EC0-301F-11D3-BF4B-00C04F79EFBC}") = "Gobang.Library", "App\Gobang\Gobang.Library\Gobang.Library.csproj", "{16A3E9ED-BFB5-4A66-BC28-C18BD7EAC80D}"
EndProject
Project("{FAE04EC0-301F-11D3-BF4B-00C04F79EFBC}") = "Ant.BaseModel", "Library\Ant.BaseModel\Ant.BaseModel.csproj", "{40F927FA-FF4B-4E58-9D52-D1E3F962DB96}"
EndProject
Project("{FAE04EC0-301F-11D3-BF4B-00C04F79EFBC}") = "Ant.BaseWPF", "Library\Ant.BaseWPF\Ant.BaseWPF.csproj", "{60C3EABE-7E0B-41EC-B911-FBD1D4DA2F2D}"
EndProject
Project("{FAE04EC0-301F-11D3-BF4B-00C04F79EFBC}") = "Ant.CacheManager", "Library\Ant.CacheManager\Ant.CacheManager.csproj", "{43A5830D-B211-452D-9FBF-DA9CA9454307}"
EndProject
Project("{FAE04EC0-301F-11D3-BF4B-00C04F79EFBC}") = "Ant.Core", "Library\Ant.Core\Ant.Core.csproj", "{2BE22640-687D-4F0A-B3B7-E4660958D41F}"
EndProject
Project("{FAE04EC0-301F-11D3-BF4B-00C04F79EFBC}") = "Ant.Log4Net", "Library\Ant.Log4Net\Ant.Log4Net.csproj", "{D4F18225-F32B-4E1A-BE9A-2B0E875C8ACD}"
EndProject
Project("{FAE04EC0-301F-11D3-BF4B-00C04F79EFBC}") = "Ant.Memcache", "Library\Ant.Memcache\Ant.Memcache.csproj", "{93D785D5-2C2D-4A4B-A987-E337A9A6AF7E}"
EndProject
Project("{FAE04EC0-301F-11D3-BF4B-00C04F79EFBC}") = "Ant.Mvc", "Library\Ant.Mvc\Ant.Mvc.csproj", "{899507CF-0377-47B8-B5D5-9E09C1232C39}"
EndProject
Project("{FAE04EC0-301F-11D3-BF4B-00C04F79EFBC}") = "Ant.XmlDatabase", "Library\Ant.XmlDatabase\Ant.XmlDatabase.csproj", "{5E811945-968E-4350-A669-43A9304C5CB0}"
EndProject
Project("{FAE04EC0-301F-11D3-BF4B-00C04F79EFBC}") = "XmlDatabase.Core", "Library\ReflectorSourceCode\XmlDatabase.Core.csproj", "{C5A47289-AE48-4F1E-B35C-AEFE747D001F}"
EndProject
Project("{8BB2217D-0F2D-49D1-97BC-3654ED321F3B}") = "WebAppDemo", "App\Web\WebAppDemo\WebAppDemo.xproj", "{D3592ABF-764E-4ACC-99D2-8D1B8FF647C5}"
EndProject
Global
	GlobalSection(SolutionConfigurationPlatforms) = preSolution
		Debug|Any CPU = Debug|Any CPU
		Debug|ARM = Debug|ARM
		Debug|x64 = Debug|x64
		Debug|x86 = Debug|x86
		Release|Any CPU = Release|Any CPU
		Release|ARM = Release|ARM
		Release|x64 = Release|x64
		Release|x86 = Release|x86
	EndGlobalSection
	GlobalSection(ProjectConfigurationPlatforms) = postSolution
		{B94E4764-F26A-4963-B0FD-5D94443BC88A}.Debug|Any CPU.ActiveCfg = Debug|Any CPU
		{B94E4764-F26A-4963-B0FD-5D94443BC88A}.Debug|Any CPU.Build.0 = Debug|Any CPU
		{B94E4764-F26A-4963-B0FD-5D94443BC88A}.Debug|ARM.ActiveCfg = Debug|Any CPU
		{B94E4764-F26A-4963-B0FD-5D94443BC88A}.Debug|ARM.Build.0 = Debug|Any CPU
		{B94E4764-F26A-4963-B0FD-5D94443BC88A}.Debug|x64.ActiveCfg = Debug|Any CPU
		{B94E4764-F26A-4963-B0FD-5D94443BC88A}.Debug|x64.Build.0 = Debug|Any CPU
		{B94E4764-F26A-4963-B0FD-5D94443BC88A}.Debug|x86.ActiveCfg = Debug|Any CPU
		{B94E4764-F26A-4963-B0FD-5D94443BC88A}.Debug|x86.Build.0 = Debug|Any CPU
		{B94E4764-F26A-4963-B0FD-5D94443BC88A}.Release|Any CPU.ActiveCfg = Release|Any CPU
		{B94E4764-F26A-4963-B0FD-5D94443BC88A}.Release|Any CPU.Build.0 = Release|Any CPU
		{B94E4764-F26A-4963-B0FD-5D94443BC88A}.Release|ARM.ActiveCfg = Release|Any CPU
		{B94E4764-F26A-4963-B0FD-5D94443BC88A}.Release|ARM.Build.0 = Release|Any CPU
		{B94E4764-F26A-4963-B0FD-5D94443BC88A}.Release|x64.ActiveCfg = Release|Any CPU
		{B94E4764-F26A-4963-B0FD-5D94443BC88A}.Release|x64.Build.0 = Release|Any CPU
		{B94E4764-F26A-4963-B0FD-5D94443BC88A}.Release|x86.ActiveCfg = Release|Any CPU
		{B94E4764-F26A-4963-B0FD-5D94443BC88A}.Release|x86.Build.0 = Release|Any CPU
		{3E79476E-A213-4CA5-ABDB-B5AFCC8D3CCB}.Debug|Any CPU.ActiveCfg = Debug|Any CPU
		{3E79476E-A213-4CA5-ABDB-B5AFCC8D3CCB}.Debug|Any CPU.Build.0 = Debug|Any CPU
		{3E79476E-A213-4CA5-ABDB-B5AFCC8D3CCB}.Debug|ARM.ActiveCfg = Debug|Any CPU
		{3E79476E-A213-4CA5-ABDB-B5AFCC8D3CCB}.Debug|ARM.Build.0 = Debug|Any CPU
		{3E79476E-A213-4CA5-ABDB-B5AFCC8D3CCB}.Debug|x64.ActiveCfg = Debug|Any CPU
		{3E79476E-A213-4CA5-ABDB-B5AFCC8D3CCB}.Debug|x64.Build.0 = Debug|Any CPU
		{3E79476E-A213-4CA5-ABDB-B5AFCC8D3CCB}.Debug|x86.ActiveCfg = Debug|Any CPU
		{3E79476E-A213-4CA5-ABDB-B5AFCC8D3CCB}.Debug|x86.Build.0 = Debug|Any CPU
		{3E79476E-A213-4CA5-ABDB-B5AFCC8D3CCB}.Release|Any CPU.ActiveCfg = Release|Any CPU
		{3E79476E-A213-4CA5-ABDB-B5AFCC8D3CCB}.Release|Any CPU.Build.0 = Release|Any CPU
		{3E79476E-A213-4CA5-ABDB-B5AFCC8D3CCB}.Release|ARM.ActiveCfg = Release|Any CPU
		{3E79476E-A213-4CA5-ABDB-B5AFCC8D3CCB}.Release|ARM.Build.0 = Release|Any CPU
		{3E79476E-A213-4CA5-ABDB-B5AFCC8D3CCB}.Release|x64.ActiveCfg = Release|Any CPU
		{3E79476E-A213-4CA5-ABDB-B5AFCC8D3CCB}.Release|x64.Build.0 = Release|Any CPU
		{3E79476E-A213-4CA5-ABDB-B5AFCC8D3CCB}.Release|x86.ActiveCfg = Release|Any CPU
		{3E79476E-A213-4CA5-ABDB-B5AFCC8D3CCB}.Release|x86.Build.0 = Release|Any CPU
		{3BE41318-029A-4797-AD31-FE308093F3CB}.Debug|Any CPU.ActiveCfg = Debug|Any CPU
		{3BE41318-029A-4797-AD31-FE308093F3CB}.Debug|Any CPU.Build.0 = Debug|Any CPU
		{3BE41318-029A-4797-AD31-FE308093F3CB}.Debug|ARM.ActiveCfg = Debug|Any CPU
		{3BE41318-029A-4797-AD31-FE308093F3CB}.Debug|ARM.Build.0 = Debug|Any CPU
		{3BE41318-029A-4797-AD31-FE308093F3CB}.Debug|x64.ActiveCfg = Debug|Any CPU
		{3BE41318-029A-4797-AD31-FE308093F3CB}.Debug|x64.Build.0 = Debug|Any CPU
		{3BE41318-029A-4797-AD31-FE308093F3CB}.Debug|x86.ActiveCfg = Debug|Any CPU
		{3BE41318-029A-4797-AD31-FE308093F3CB}.Debug|x86.Build.0 = Debug|Any CPU
		{3BE41318-029A-4797-AD31-FE308093F3CB}.Release|Any CPU.ActiveCfg = Release|Any CPU
		{3BE41318-029A-4797-AD31-FE308093F3CB}.Release|Any CPU.Build.0 = Release|Any CPU
		{3BE41318-029A-4797-AD31-FE308093F3CB}.Release|ARM.ActiveCfg = Release|Any CPU
		{3BE41318-029A-4797-AD31-FE308093F3CB}.Release|ARM.Build.0 = Release|Any CPU
		{3BE41318-029A-4797-AD31-FE308093F3CB}.Release|x64.ActiveCfg = Release|Any CPU
		{3BE41318-029A-4797-AD31-FE308093F3CB}.Release|x64.Build.0 = Release|Any CPU
		{3BE41318-029A-4797-AD31-FE308093F3CB}.Release|x86.ActiveCfg = Release|Any CPU
		{3BE41318-029A-4797-AD31-FE308093F3CB}.Release|x86.Build.0 = Release|Any CPU
		{F0DCC401-4AF8-4B3E-809E-EE3AD96788DC}.Debug|Any CPU.ActiveCfg = Debug|x86
		{F0DCC401-4AF8-4B3E-809E-EE3AD96788DC}.Debug|ARM.ActiveCfg = Debug|ARM
		{F0DCC401-4AF8-4B3E-809E-EE3AD96788DC}.Debug|ARM.Build.0 = Debug|ARM
		{F0DCC401-4AF8-4B3E-809E-EE3AD96788DC}.Debug|ARM.Deploy.0 = Debug|ARM
		{F0DCC401-4AF8-4B3E-809E-EE3AD96788DC}.Debug|x64.ActiveCfg = Debug|x64
		{F0DCC401-4AF8-4B3E-809E-EE3AD96788DC}.Debug|x64.Build.0 = Debug|x64
		{F0DCC401-4AF8-4B3E-809E-EE3AD96788DC}.Debug|x64.Deploy.0 = Debug|x64
		{F0DCC401-4AF8-4B3E-809E-EE3AD96788DC}.Debug|x86.ActiveCfg = Debug|x86
		{F0DCC401-4AF8-4B3E-809E-EE3AD96788DC}.Debug|x86.Build.0 = Debug|x86
		{F0DCC401-4AF8-4B3E-809E-EE3AD96788DC}.Debug|x86.Deploy.0 = Debug|x86
		{F0DCC401-4AF8-4B3E-809E-EE3AD96788DC}.Release|Any CPU.ActiveCfg = Release|x86
		{F0DCC401-4AF8-4B3E-809E-EE3AD96788DC}.Release|ARM.ActiveCfg = Release|ARM
		{F0DCC401-4AF8-4B3E-809E-EE3AD96788DC}.Release|ARM.Build.0 = Release|ARM
		{F0DCC401-4AF8-4B3E-809E-EE3AD96788DC}.Release|ARM.Deploy.0 = Release|ARM
		{F0DCC401-4AF8-4B3E-809E-EE3AD96788DC}.Release|x64.ActiveCfg = Release|x64
		{F0DCC401-4AF8-4B3E-809E-EE3AD96788DC}.Release|x64.Build.0 = Release|x64
		{F0DCC401-4AF8-4B3E-809E-EE3AD96788DC}.Release|x64.Deploy.0 = Release|x64
		{F0DCC401-4AF8-4B3E-809E-EE3AD96788DC}.Release|x86.ActiveCfg = Release|x86
		{F0DCC401-4AF8-4B3E-809E-EE3AD96788DC}.Release|x86.Build.0 = Release|x86
		{F0DCC401-4AF8-4B3E-809E-EE3AD96788DC}.Release|x86.Deploy.0 = Release|x86
		{276AEC9B-57AB-464A-9BFA-E5B5BB739B3C}.Debug|Any CPU.ActiveCfg = Debug|Any CPU
		{276AEC9B-57AB-464A-9BFA-E5B5BB739B3C}.Debug|Any CPU.Build.0 = Debug|Any CPU
		{276AEC9B-57AB-464A-9BFA-E5B5BB739B3C}.Debug|ARM.ActiveCfg = Debug|Any CPU
		{276AEC9B-57AB-464A-9BFA-E5B5BB739B3C}.Debug|ARM.Build.0 = Debug|Any CPU
		{276AEC9B-57AB-464A-9BFA-E5B5BB739B3C}.Debug|x64.ActiveCfg = Debug|Any CPU
		{276AEC9B-57AB-464A-9BFA-E5B5BB739B3C}.Debug|x64.Build.0 = Debug|Any CPU
		{276AEC9B-57AB-464A-9BFA-E5B5BB739B3C}.Debug|x86.ActiveCfg = Debug|Any CPU
		{276AEC9B-57AB-464A-9BFA-E5B5BB739B3C}.Debug|x86.Build.0 = Debug|Any CPU
		{276AEC9B-57AB-464A-9BFA-E5B5BB739B3C}.Release|Any CPU.ActiveCfg = Release|Any CPU
		{276AEC9B-57AB-464A-9BFA-E5B5BB739B3C}.Release|Any CPU.Build.0 = Release|Any CPU
		{276AEC9B-57AB-464A-9BFA-E5B5BB739B3C}.Release|ARM.ActiveCfg = Release|Any CPU
		{276AEC9B-57AB-464A-9BFA-E5B5BB739B3C}.Release|ARM.Build.0 = Release|Any CPU
		{276AEC9B-57AB-464A-9BFA-E5B5BB739B3C}.Release|x64.ActiveCfg = Release|Any CPU
		{276AEC9B-57AB-464A-9BFA-E5B5BB739B3C}.Release|x64.Build.0 = Release|Any CPU
		{276AEC9B-57AB-464A-9BFA-E5B5BB739B3C}.Release|x86.ActiveCfg = Release|Any CPU
		{276AEC9B-57AB-464A-9BFA-E5B5BB739B3C}.Release|x86.Build.0 = Release|Any CPU
		{16A3E9ED-BFB5-4A66-BC28-C18BD7EAC80D}.Debug|Any CPU.ActiveCfg = Debug|Any CPU
		{16A3E9ED-BFB5-4A66-BC28-C18BD7EAC80D}.Debug|Any CPU.Build.0 = Debug|Any CPU
		{16A3E9ED-BFB5-4A66-BC28-C18BD7EAC80D}.Debug|ARM.ActiveCfg = Debug|Any CPU
		{16A3E9ED-BFB5-4A66-BC28-C18BD7EAC80D}.Debug|ARM.Build.0 = Debug|Any CPU
		{16A3E9ED-BFB5-4A66-BC28-C18BD7EAC80D}.Debug|x64.ActiveCfg = Debug|Any CPU
		{16A3E9ED-BFB5-4A66-BC28-C18BD7EAC80D}.Debug|x64.Build.0 = Debug|Any CPU
		{16A3E9ED-BFB5-4A66-BC28-C18BD7EAC80D}.Debug|x86.ActiveCfg = Debug|Any CPU
		{16A3E9ED-BFB5-4A66-BC28-C18BD7EAC80D}.Debug|x86.Build.0 = Debug|Any CPU
		{16A3E9ED-BFB5-4A66-BC28-C18BD7EAC80D}.Release|Any CPU.ActiveCfg = Release|Any CPU
		{16A3E9ED-BFB5-4A66-BC28-C18BD7EAC80D}.Release|Any CPU.Build.0 = Release|Any CPU
		{16A3E9ED-BFB5-4A66-BC28-C18BD7EAC80D}.Release|ARM.ActiveCfg = Release|Any CPU
		{16A3E9ED-BFB5-4A66-BC28-C18BD7EAC80D}.Release|ARM.Build.0 = Release|Any CPU
		{16A3E9ED-BFB5-4A66-BC28-C18BD7EAC80D}.Release|x64.ActiveCfg = Release|Any CPU
		{16A3E9ED-BFB5-4A66-BC28-C18BD7EAC80D}.Release|x64.Build.0 = Release|Any CPU
		{16A3E9ED-BFB5-4A66-BC28-C18BD7EAC80D}.Release|x86.ActiveCfg = Release|Any CPU
		{16A3E9ED-BFB5-4A66-BC28-C18BD7EAC80D}.Release|x86.Build.0 = Release|Any CPU
		{40F927FA-FF4B-4E58-9D52-D1E3F962DB96}.Debug|Any CPU.ActiveCfg = Debug|Any CPU
		{40F927FA-FF4B-4E58-9D52-D1E3F962DB96}.Debug|Any CPU.Build.0 = Debug|Any CPU
		{40F927FA-FF4B-4E58-9D52-D1E3F962DB96}.Debug|ARM.ActiveCfg = Debug|Any CPU
		{40F927FA-FF4B-4E58-9D52-D1E3F962DB96}.Debug|ARM.Build.0 = Debug|Any CPU
		{40F927FA-FF4B-4E58-9D52-D1E3F962DB96}.Debug|x64.ActiveCfg = Debug|Any CPU
		{40F927FA-FF4B-4E58-9D52-D1E3F962DB96}.Debug|x64.Build.0 = Debug|Any CPU
		{40F927FA-FF4B-4E58-9D52-D1E3F962DB96}.Debug|x86.ActiveCfg = Debug|Any CPU
		{40F927FA-FF4B-4E58-9D52-D1E3F962DB96}.Debug|x86.Build.0 = Debug|Any CPU
		{40F927FA-FF4B-4E58-9D52-D1E3F962DB96}.Release|Any CPU.ActiveCfg = Release|Any CPU
		{40F927FA-FF4B-4E58-9D52-D1E3F962DB96}.Release|Any CPU.Build.0 = Release|Any CPU
		{40F927FA-FF4B-4E58-9D52-D1E3F962DB96}.Release|ARM.ActiveCfg = Release|Any CPU
		{40F927FA-FF4B-4E58-9D52-D1E3F962DB96}.Release|ARM.Build.0 = Release|Any CPU
		{40F927FA-FF4B-4E58-9D52-D1E3F962DB96}.Release|x64.ActiveCfg = Release|Any CPU
		{40F927FA-FF4B-4E58-9D52-D1E3F962DB96}.Release|x64.Build.0 = Release|Any CPU
		{40F927FA-FF4B-4E58-9D52-D1E3F962DB96}.Release|x86.ActiveCfg = Release|Any CPU
		{40F927FA-FF4B-4E58-9D52-D1E3F962DB96}.Release|x86.Build.0 = Release|Any CPU
		{60C3EABE-7E0B-41EC-B911-FBD1D4DA2F2D}.Debug|Any CPU.ActiveCfg = Debug|Any CPU
		{60C3EABE-7E0B-41EC-B911-FBD1D4DA2F2D}.Debug|Any CPU.Build.0 = Debug|Any CPU
		{60C3EABE-7E0B-41EC-B911-FBD1D4DA2F2D}.Debug|ARM.ActiveCfg = Debug|Any CPU
		{60C3EABE-7E0B-41EC-B911-FBD1D4DA2F2D}.Debug|ARM.Build.0 = Debug|Any CPU
		{60C3EABE-7E0B-41EC-B911-FBD1D4DA2F2D}.Debug|x64.ActiveCfg = Debug|Any CPU
		{60C3EABE-7E0B-41EC-B911-FBD1D4DA2F2D}.Debug|x64.Build.0 = Debug|Any CPU
		{60C3EABE-7E0B-41EC-B911-FBD1D4DA2F2D}.Debug|x86.ActiveCfg = Debug|Any CPU
		{60C3EABE-7E0B-41EC-B911-FBD1D4DA2F2D}.Debug|x86.Build.0 = Debug|Any CPU
		{60C3EABE-7E0B-41EC-B911-FBD1D4DA2F2D}.Release|Any CPU.ActiveCfg = Release|Any CPU
		{60C3EABE-7E0B-41EC-B911-FBD1D4DA2F2D}.Release|Any CPU.Build.0 = Release|Any CPU
		{60C3EABE-7E0B-41EC-B911-FBD1D4DA2F2D}.Release|ARM.ActiveCfg = Release|Any CPU
		{60C3EABE-7E0B-41EC-B911-FBD1D4DA2F2D}.Release|ARM.Build.0 = Release|Any CPU
		{60C3EABE-7E0B-41EC-B911-FBD1D4DA2F2D}.Release|x64.ActiveCfg = Release|Any CPU
		{60C3EABE-7E0B-41EC-B911-FBD1D4DA2F2D}.Release|x64.Build.0 = Release|Any CPU
		{60C3EABE-7E0B-41EC-B911-FBD1D4DA2F2D}.Release|x86.ActiveCfg = Release|Any CPU
		{60C3EABE-7E0B-41EC-B911-FBD1D4DA2F2D}.Release|x86.Build.0 = Release|Any CPU
		{43A5830D-B211-452D-9FBF-DA9CA9454307}.Debug|Any CPU.ActiveCfg = Debug|Any CPU
		{43A5830D-B211-452D-9FBF-DA9CA9454307}.Debug|Any CPU.Build.0 = Debug|Any CPU
		{43A5830D-B211-452D-9FBF-DA9CA9454307}.Debug|ARM.ActiveCfg = Debug|Any CPU
		{43A5830D-B211-452D-9FBF-DA9CA9454307}.Debug|ARM.Build.0 = Debug|Any CPU
		{43A5830D-B211-452D-9FBF-DA9CA9454307}.Debug|x64.ActiveCfg = Debug|Any CPU
		{43A5830D-B211-452D-9FBF-DA9CA9454307}.Debug|x64.Build.0 = Debug|Any CPU
		{43A5830D-B211-452D-9FBF-DA9CA9454307}.Debug|x86.ActiveCfg = Debug|Any CPU
		{43A5830D-B211-452D-9FBF-DA9CA9454307}.Debug|x86.Build.0 = Debug|Any CPU
		{43A5830D-B211-452D-9FBF-DA9CA9454307}.Release|Any CPU.ActiveCfg = Release|Any CPU
		{43A5830D-B211-452D-9FBF-DA9CA9454307}.Release|Any CPU.Build.0 = Release|Any CPU
		{43A5830D-B211-452D-9FBF-DA9CA9454307}.Release|ARM.ActiveCfg = Release|Any CPU
		{43A5830D-B211-452D-9FBF-DA9CA9454307}.Release|ARM.Build.0 = Release|Any CPU
		{43A5830D-B211-452D-9FBF-DA9CA9454307}.Release|x64.ActiveCfg = Release|Any CPU
		{43A5830D-B211-452D-9FBF-DA9CA9454307}.Release|x64.Build.0 = Release|Any CPU
		{43A5830D-B211-452D-9FBF-DA9CA9454307}.Release|x86.ActiveCfg = Release|Any CPU
		{43A5830D-B211-452D-9FBF-DA9CA9454307}.Release|x86.Build.0 = Release|Any CPU
		{2BE22640-687D-4F0A-B3B7-E4660958D41F}.Debug|Any CPU.ActiveCfg = Debug|Any CPU
		{2BE22640-687D-4F0A-B3B7-E4660958D41F}.Debug|Any CPU.Build.0 = Debug|Any CPU
		{2BE22640-687D-4F0A-B3B7-E4660958D41F}.Debug|ARM.ActiveCfg = Debug|Any CPU
		{2BE22640-687D-4F0A-B3B7-E4660958D41F}.Debug|ARM.Build.0 = Debug|Any CPU
		{2BE22640-687D-4F0A-B3B7-E4660958D41F}.Debug|x64.ActiveCfg = Debug|Any CPU
		{2BE22640-687D-4F0A-B3B7-E4660958D41F}.Debug|x64.Build.0 = Debug|Any CPU
		{2BE22640-687D-4F0A-B3B7-E4660958D41F}.Debug|x86.ActiveCfg = Debug|Any CPU
		{2BE22640-687D-4F0A-B3B7-E4660958D41F}.Debug|x86.Build.0 = Debug|Any CPU
		{2BE22640-687D-4F0A-B3B7-E4660958D41F}.Release|Any CPU.ActiveCfg = Release|Any CPU
		{2BE22640-687D-4F0A-B3B7-E4660958D41F}.Release|Any CPU.Build.0 = Release|Any CPU
		{2BE22640-687D-4F0A-B3B7-E4660958D41F}.Release|ARM.ActiveCfg = Release|Any CPU
		{2BE22640-687D-4F0A-B3B7-E4660958D41F}.Release|ARM.Build.0 = Release|Any CPU
		{2BE22640-687D-4F0A-B3B7-E4660958D41F}.Release|x64.ActiveCfg = Release|Any CPU
		{2BE22640-687D-4F0A-B3B7-E4660958D41F}.Release|x64.Build.0 = Release|Any CPU
		{2BE22640-687D-4F0A-B3B7-E4660958D41F}.Release|x86.ActiveCfg = Release|Any CPU
		{2BE22640-687D-4F0A-B3B7-E4660958D41F}.Release|x86.Build.0 = Release|Any CPU
		{D4F18225-F32B-4E1A-BE9A-2B0E875C8ACD}.Debug|Any CPU.ActiveCfg = Debug|Any CPU
		{D4F18225-F32B-4E1A-BE9A-2B0E875C8ACD}.Debug|Any CPU.Build.0 = Debug|Any CPU
		{D4F18225-F32B-4E1A-BE9A-2B0E875C8ACD}.Debug|ARM.ActiveCfg = Debug|Any CPU
		{D4F18225-F32B-4E1A-BE9A-2B0E875C8ACD}.Debug|ARM.Build.0 = Debug|Any CPU
		{D4F18225-F32B-4E1A-BE9A-2B0E875C8ACD}.Debug|x64.ActiveCfg = Debug|Any CPU
		{D4F18225-F32B-4E1A-BE9A-2B0E875C8ACD}.Debug|x64.Build.0 = Debug|Any CPU
		{D4F18225-F32B-4E1A-BE9A-2B0E875C8ACD}.Debug|x86.ActiveCfg = Debug|Any CPU
		{D4F18225-F32B-4E1A-BE9A-2B0E875C8ACD}.Debug|x86.Build.0 = Debug|Any CPU
		{D4F18225-F32B-4E1A-BE9A-2B0E875C8ACD}.Release|Any CPU.ActiveCfg = Release|Any CPU
		{D4F18225-F32B-4E1A-BE9A-2B0E875C8ACD}.Release|Any CPU.Build.0 = Release|Any CPU
		{D4F18225-F32B-4E1A-BE9A-2B0E875C8ACD}.Release|ARM.ActiveCfg = Release|Any CPU
		{D4F18225-F32B-4E1A-BE9A-2B0E875C8ACD}.Release|ARM.Build.0 = Release|Any CPU
		{D4F18225-F32B-4E1A-BE9A-2B0E875C8ACD}.Release|x64.ActiveCfg = Release|Any CPU
		{D4F18225-F32B-4E1A-BE9A-2B0E875C8ACD}.Release|x64.Build.0 = Release|Any CPU
		{D4F18225-F32B-4E1A-BE9A-2B0E875C8ACD}.Release|x86.ActiveCfg = Release|Any CPU
		{D4F18225-F32B-4E1A-BE9A-2B0E875C8ACD}.Release|x86.Build.0 = Release|Any CPU
		{93D785D5-2C2D-4A4B-A987-E337A9A6AF7E}.Debug|Any CPU.ActiveCfg = Debug|Any CPU
		{93D785D5-2C2D-4A4B-A987-E337A9A6AF7E}.Debug|Any CPU.Build.0 = Debug|Any CPU
		{93D785D5-2C2D-4A4B-A987-E337A9A6AF7E}.Debug|ARM.ActiveCfg = Debug|Any CPU
		{93D785D5-2C2D-4A4B-A987-E337A9A6AF7E}.Debug|ARM.Build.0 = Debug|Any CPU
		{93D785D5-2C2D-4A4B-A987-E337A9A6AF7E}.Debug|x64.ActiveCfg = Debug|Any CPU
		{93D785D5-2C2D-4A4B-A987-E337A9A6AF7E}.Debug|x64.Build.0 = Debug|Any CPU
		{93D785D5-2C2D-4A4B-A987-E337A9A6AF7E}.Debug|x86.ActiveCfg = Debug|Any CPU
		{93D785D5-2C2D-4A4B-A987-E337A9A6AF7E}.Debug|x86.Build.0 = Debug|Any CPU
		{93D785D5-2C2D-4A4B-A987-E337A9A6AF7E}.Release|Any CPU.ActiveCfg = Release|Any CPU
		{93D785D5-2C2D-4A4B-A987-E337A9A6AF7E}.Release|Any CPU.Build.0 = Release|Any CPU
		{93D785D5-2C2D-4A4B-A987-E337A9A6AF7E}.Release|ARM.ActiveCfg = Release|Any CPU
		{93D785D5-2C2D-4A4B-A987-E337A9A6AF7E}.Release|ARM.Build.0 = Release|Any CPU
		{93D785D5-2C2D-4A4B-A987-E337A9A6AF7E}.Release|x64.ActiveCfg = Release|Any CPU
		{93D785D5-2C2D-4A4B-A987-E337A9A6AF7E}.Release|x64.Build.0 = Release|Any CPU
		{93D785D5-2C2D-4A4B-A987-E337A9A6AF7E}.Release|x86.ActiveCfg = Release|Any CPU
		{93D785D5-2C2D-4A4B-A987-E337A9A6AF7E}.Release|x86.Build.0 = Release|Any CPU
		{899507CF-0377-47B8-B5D5-9E09C1232C39}.Debug|Any CPU.ActiveCfg = Debug|Any CPU
		{899507CF-0377-47B8-B5D5-9E09C1232C39}.Debug|Any CPU.Build.0 = Debug|Any CPU
		{899507CF-0377-47B8-B5D5-9E09C1232C39}.Debug|ARM.ActiveCfg = Debug|Any CPU
		{899507CF-0377-47B8-B5D5-9E09C1232C39}.Debug|ARM.Build.0 = Debug|Any CPU
		{899507CF-0377-47B8-B5D5-9E09C1232C39}.Debug|x64.ActiveCfg = Debug|Any CPU
		{899507CF-0377-47B8-B5D5-9E09C1232C39}.Debug|x64.Build.0 = Debug|Any CPU
		{899507CF-0377-47B8-B5D5-9E09C1232C39}.Debug|x86.ActiveCfg = Debug|Any CPU
		{899507CF-0377-47B8-B5D5-9E09C1232C39}.Debug|x86.Build.0 = Debug|Any CPU
		{899507CF-0377-47B8-B5D5-9E09C1232C39}.Release|Any CPU.ActiveCfg = Release|Any CPU
		{899507CF-0377-47B8-B5D5-9E09C1232C39}.Release|Any CPU.Build.0 = Release|Any CPU
		{899507CF-0377-47B8-B5D5-9E09C1232C39}.Release|ARM.ActiveCfg = Release|Any CPU
		{899507CF-0377-47B8-B5D5-9E09C1232C39}.Release|ARM.Build.0 = Release|Any CPU
		{899507CF-0377-47B8-B5D5-9E09C1232C39}.Release|x64.ActiveCfg = Release|Any CPU
		{899507CF-0377-47B8-B5D5-9E09C1232C39}.Release|x64.Build.0 = Release|Any CPU
		{899507CF-0377-47B8-B5D5-9E09C1232C39}.Release|x86.ActiveCfg = Release|Any CPU
		{899507CF-0377-47B8-B5D5-9E09C1232C39}.Release|x86.Build.0 = Release|Any CPU
		{5E811945-968E-4350-A669-43A9304C5CB0}.Debug|Any CPU.ActiveCfg = Debug|Any CPU
		{5E811945-968E-4350-A669-43A9304C5CB0}.Debug|Any CPU.Build.0 = Debug|Any CPU
		{5E811945-968E-4350-A669-43A9304C5CB0}.Debug|ARM.ActiveCfg = Debug|Any CPU
		{5E811945-968E-4350-A669-43A9304C5CB0}.Debug|ARM.Build.0 = Debug|Any CPU
		{5E811945-968E-4350-A669-43A9304C5CB0}.Debug|x64.ActiveCfg = Debug|Any CPU
		{5E811945-968E-4350-A669-43A9304C5CB0}.Debug|x64.Build.0 = Debug|Any CPU
		{5E811945-968E-4350-A669-43A9304C5CB0}.Debug|x86.ActiveCfg = Debug|Any CPU
		{5E811945-968E-4350-A669-43A9304C5CB0}.Debug|x86.Build.0 = Debug|Any CPU
		{5E811945-968E-4350-A669-43A9304C5CB0}.Release|Any CPU.ActiveCfg = Release|Any CPU
		{5E811945-968E-4350-A669-43A9304C5CB0}.Release|Any CPU.Build.0 = Release|Any CPU
		{5E811945-968E-4350-A669-43A9304C5CB0}.Release|ARM.ActiveCfg = Release|Any CPU
		{5E811945-968E-4350-A669-43A9304C5CB0}.Release|ARM.Build.0 = Release|Any CPU
		{5E811945-968E-4350-A669-43A9304C5CB0}.Release|x64.ActiveCfg = Release|Any CPU
		{5E811945-968E-4350-A669-43A9304C5CB0}.Release|x64.Build.0 = Release|Any CPU
		{5E811945-968E-4350-A669-43A9304C5CB0}.Release|x86.ActiveCfg = Release|Any CPU
		{5E811945-968E-4350-A669-43A9304C5CB0}.Release|x86.Build.0 = Release|Any CPU
		{C5A47289-AE48-4F1E-B35C-AEFE747D001F}.Debug|Any CPU.ActiveCfg = Debug|x86
		{C5A47289-AE48-4F1E-B35C-AEFE747D001F}.Debug|ARM.ActiveCfg = Debug|x86
		{C5A47289-AE48-4F1E-B35C-AEFE747D001F}.Debug|x64.ActiveCfg = Debug|x86
		{C5A47289-AE48-4F1E-B35C-AEFE747D001F}.Debug|x86.ActiveCfg = Debug|x86
		{C5A47289-AE48-4F1E-B35C-AEFE747D001F}.Debug|x86.Build.0 = Debug|x86
		{C5A47289-AE48-4F1E-B35C-AEFE747D001F}.Release|Any CPU.ActiveCfg = Release|x86
		{C5A47289-AE48-4F1E-B35C-AEFE747D001F}.Release|ARM.ActiveCfg = Release|x86
		{C5A47289-AE48-4F1E-B35C-AEFE747D001F}.Release|x64.ActiveCfg = Release|x86
		{C5A47289-AE48-4F1E-B35C-AEFE747D001F}.Release|x86.ActiveCfg = Release|x86
		{C5A47289-AE48-4F1E-B35C-AEFE747D001F}.Release|x86.Build.0 = Release|x86
		{D3592ABF-764E-4ACC-99D2-8D1B8FF647C5}.Debug|Any CPU.ActiveCfg = Debug|Any CPU
		{D3592ABF-764E-4ACC-99D2-8D1B8FF647C5}.Debug|Any CPU.Build.0 = Debug|Any CPU
		{D3592ABF-764E-4ACC-99D2-8D1B8FF647C5}.Debug|ARM.ActiveCfg = Debug|Any CPU
		{D3592ABF-764E-4ACC-99D2-8D1B8FF647C5}.Debug|ARM.Build.0 = Debug|Any CPU
		{D3592ABF-764E-4ACC-99D2-8D1B8FF647C5}.Debug|x64.ActiveCfg = Debug|Any CPU
		{D3592ABF-764E-4ACC-99D2-8D1B8FF647C5}.Debug|x64.Build.0 = Debug|Any CPU
		{D3592ABF-764E-4ACC-99D2-8D1B8FF647C5}.Debug|x86.ActiveCfg = Debug|Any CPU
		{D3592ABF-764E-4ACC-99D2-8D1B8FF647C5}.Debug|x86.Build.0 = Debug|Any CPU
		{D3592ABF-764E-4ACC-99D2-8D1B8FF647C5}.Release|Any CPU.ActiveCfg = Release|Any CPU
		{D3592ABF-764E-4ACC-99D2-8D1B8FF647C5}.Release|Any CPU.Build.0 = Release|Any CPU
		{D3592ABF-764E-4ACC-99D2-8D1B8FF647C5}.Release|ARM.ActiveCfg = Release|Any CPU
		{D3592ABF-764E-4ACC-99D2-8D1B8FF647C5}.Release|ARM.Build.0 = Release|Any CPU
		{D3592ABF-764E-4ACC-99D2-8D1B8FF647C5}.Release|x64.ActiveCfg = Release|Any CPU
		{D3592ABF-764E-4ACC-99D2-8D1B8FF647C5}.Release|x64.Build.0 = Release|Any CPU
		{D3592ABF-764E-4ACC-99D2-8D1B8FF647C5}.Release|x86.ActiveCfg = Release|Any CPU
		{D3592ABF-764E-4ACC-99D2-8D1B8FF647C5}.Release|x86.Build.0 = Release|Any CPU
	EndGlobalSection
	GlobalSection(SolutionProperties) = preSolution
		HideSolutionNode = FALSE
	EndGlobalSection
	GlobalSection(NestedProjects) = preSolution
		{4EB30AB4-5182-4393-8AE7-822C70AEFD1B} = {21951174-C851-485D-933D-E5D3F9BA93AE}
		{181C07D8-FA95-40BB-8C5F-96EBF2A412FC} = {21951174-C851-485D-933D-E5D3F9BA93AE}
		{58B2E9D3-4979-45A7-AB1D-3813E4B35658} = {21951174-C851-485D-933D-E5D3F9BA93AE}
		{3E79476E-A213-4CA5-ABDB-B5AFCC8D3CCB} = {4EB30AB4-5182-4393-8AE7-822C70AEFD1B}
		{3BE41318-029A-4797-AD31-FE308093F3CB} = {4EB30AB4-5182-4393-8AE7-822C70AEFD1B}
		{F0DCC401-4AF8-4B3E-809E-EE3AD96788DC} = {4EB30AB4-5182-4393-8AE7-822C70AEFD1B}
		{276AEC9B-57AB-464A-9BFA-E5B5BB739B3C} = {181C07D8-FA95-40BB-8C5F-96EBF2A412FC}
		{16A3E9ED-BFB5-4A66-BC28-C18BD7EAC80D} = {181C07D8-FA95-40BB-8C5F-96EBF2A412FC}
		{40F927FA-FF4B-4E58-9D52-D1E3F962DB96} = {A28F5189-4C2D-406B-B644-501AE21B1011}
		{60C3EABE-7E0B-41EC-B911-FBD1D4DA2F2D} = {A28F5189-4C2D-406B-B644-501AE21B1011}
		{43A5830D-B211-452D-9FBF-DA9CA9454307} = {A28F5189-4C2D-406B-B644-501AE21B1011}
		{2BE22640-687D-4F0A-B3B7-E4660958D41F} = {A28F5189-4C2D-406B-B644-501AE21B1011}
		{D4F18225-F32B-4E1A-BE9A-2B0E875C8ACD} = {A28F5189-4C2D-406B-B644-501AE21B1011}
		{93D785D5-2C2D-4A4B-A987-E337A9A6AF7E} = {A28F5189-4C2D-406B-B644-501AE21B1011}
		{899507CF-0377-47B8-B5D5-9E09C1232C39} = {A28F5189-4C2D-406B-B644-501AE21B1011}
		{5E811945-968E-4350-A669-43A9304C5CB0} = {A28F5189-4C2D-406B-B644-501AE21B1011}
		{C5A47289-AE48-4F1E-B35C-AEFE747D001F} = {A28F5189-4C2D-406B-B644-501AE21B1011}
		{D3592ABF-764E-4ACC-99D2-8D1B8FF647C5} = {58B2E9D3-4979-45A7-AB1D-3813E4B35658}
	EndGlobalSection
EndGlobal
